
Microsoft Visual Studio Solution File, Format Version 12.00
# Visual Studio Version 17
VisualStudioVersion = 17.3.32901.215
MinimumVisualStudioVersion = 10.0.40219.1
Project("{FAE04EC0-301F-11D3-BF4B-00C04F79EFBC}") = "TFPDesktopUI", "TFPDesktopUI\TFPDesktopUI.csproj", "{64DDE83E-DC8C-4F9E-AB37-69A4DD7D3D3C}"
EndProject
Project("{FAE04EC0-301F-11D3-BF4B-00C04F79EFBC}") = "TFPLibrary", "TFPLibrary\TFPLibrary.csproj", "{E9004F52-02E9-4A72-A0AF-F53C17DE0164}"
EndProject
Global
	GlobalSection(SolutionConfigurationPlatforms) = preSolution
		Debug|Any CPU = Debug|Any CPU
		Release|Any CPU = Release|Any CPU
	EndGlobalSection
	GlobalSection(ProjectConfigurationPlatforms) = postSolution
		{64DDE83E-DC8C-4F9E-AB37-69A4DD7D3D3C}.Debug|Any CPU.ActiveCfg = Debug|Any CPU
		{64DDE83E-DC8C-4F9E-AB37-69A4DD7D3D3C}.Debug|Any CPU.Build.0 = Debug|Any CPU
		{64DDE83E-DC8C-4F9E-AB37-69A4DD7D3D3C}.Release|Any CPU.ActiveCfg = Release|Any CPU
		{64DDE83E-DC8C-4F9E-AB37-69A4DD7D3D3C}.Release|Any CPU.Build.0 = Release|Any CPU
		{E9004F52-02E9-4A72-A0AF-F53C17DE0164}.Debug|Any CPU.ActiveCfg = Debug|Any CPU
		{E9004F52-02E9-4A72-A0AF-F53C17DE0164}.Debug|Any CPU.Build.0 = Debug|Any CPU
		{E9004F52-02E9-4A72-A0AF-F53C17DE0164}.Release|Any CPU.ActiveCfg = Release|Any CPU
		{E9004F52-02E9-4A72-A0AF-F53C17DE0164}.Release|Any CPU.Build.0 = Release|Any CPU
	EndGlobalSection
	GlobalSection(SolutionProperties) = preSolution
		HideSolutionNode = FALSE
	EndGlobalSection
	GlobalSection(ExtensibilityGlobals) = postSolution
		SolutionGuid = {DCE7C588-1468-4437-97F2-DF6B6FC308AD}
	EndGlobalSection
EndGlobal
